PODS:
  - AMSMB2 (2.7.1)
  - MobileVLCKit (3.3.17)

DEPENDENCIES:
  - AMSMB2
  - MobileVLCKit

SPEC REPOS:
  trunk:
    - AMSMB2
    - MobileVLCKit

SPEC CHECKSUMS:
  AMSMB2: 4017852863a688970e8c4f38a4fae9826fbbec34
  MobileVLCKit: c5dd1b0ae933dc9c2348099840e753496dcdd908

PODFILE CHECKSUM: 5d1227ad9b1140931293b8c3f55427f79df0d23b

COCOAPODS: 1.10.2
