// !$*UTF8*$!
{
	archiveVersion = 1;
	classes = {
	};
	objectVersion = 51;
	objects = {

/* Begin PBXBuildFile section */
		3C7335862702D19100A7604D /* AppDelegate.swift in Sources */ = {isa = PBXBuildFile; fileRef = 3C7335852702D19100A7604D /* AppDelegate.swift */; };
		3C7335882702D19100A7604D /* SceneDelegate.swift in Sources */ = {isa = PBXBuildFile; fileRef = 3C7335872702D19100A7604D /* SceneDelegate.swift */; };
		3C73358D2702D19100A7604D /* Main.storyboard in Resources */ = {isa = PBXBuildFile; fileRef = 3C73358B2702D19100A7604D /* Main.storyboard */; };
		3C73358F2702D19300A7604D /* Assets.xcassets in Resources */ = {isa = PBXBuildFile; fileRef = 3C73358E2702D19300A7604D /* Assets.xcassets */; };
		3C7335922702D19300A7604D /* LaunchScreen.storyboard in Resources */ = {isa = PBXBuildFile; fileRef = 3C7335902702D19300A7604D /* LaunchScreen.storyboard */; };
		3C7335A32702D53600A7604D /* MediaPlayerView.swift in Sources */ = {isa = PBXBuildFile; fileRef = 3C7335A22702D53600A7604D /* MediaPlayerView.swift */; };
		3C7335A92702D6E600A7604D /* MediaControlView.swift in Sources */ = {isa = PBXBuildFile; fileRef = 3C7335A82702D6E600A7604D /* MediaControlView.swift */; };
		3C73360427290EC200A7604D /* SMB2Client.swift in Sources */ = {isa = PBXBuildFile; fileRef = 3C73360327290EC200A7604D /* SMB2Client.swift */; };
		3C7336082729111400A7604D /* Share.swift in Sources */ = {isa = PBXBuildFile; fileRef = 3C7336072729111400A7604D /* Share.swift */; };
		3C73360D2729133900A7604D /* File.swift in Sources */ = {isa = PBXBuildFile; fileRef = 3C73360C2729133900A7604D /* File.swift */; };
		3C743B90272A59C80066AC90 /* LibraryViewController.swift in Sources */ = {isa = PBXBuildFile; fileRef = 3C743B8F272A59C80066AC90 /* LibraryViewController.swift */; };
		3D3B030012F080D3095AF362 /* Pods_MediaPlayer.framework in Frameworks */ = {isa = PBXBuildFile; fileRef = 2501563ECEDB2ABC4272580B /* Pods_MediaPlayer.framework */; };
/* End PBXBuildFile section */

/* Begin PBXFileReference section */
		2501563ECEDB2ABC4272580B /* Pods_MediaPlayer.framework */ = {isa = PBXFileReference; explicitFileType = wrapper.framework; includeInIndex = 0; path = Pods_MediaPlayer.framework; sourceTree = BUILT_PRODUCTS_DIR; };
		3C7335822702D19100A7604D /* MediaPlayer.app */ = {isa = PBXFileReference; explicitFileType = wrapper.application; includeInIndex = 0; path = MediaPlayer.app; sourceTree = BUILT_PRODUCTS_DIR; };
		3C7335852702D19100A7604D /* AppDelegate.swift */ = {isa = PBXFileReference; lastKnownFileType = sourcecode.swift; path = AppDelegate.swift; sourceTree = "<group>"; };
		3C7335872702D19100A7604D /* SceneDelegate.swift */ = {isa = PBXFileReference; lastKnownFileType = sourcecode.swift; path = SceneDelegate.swift; sourceTree = "<group>"; };
		3C73358C2702D19100A7604D /* Base */ = {isa = PBXFileReference; lastKnownFileType = file.storyboard; name = Base; path = Base.lproj/Main.storyboard; sourceTree = "<group>"; };
		3C73358E2702D19300A7604D /* Assets.xcassets */ = {isa = PBXFileReference; lastKnownFileType = folder.assetcatalog; path = Assets.xcassets; sourceTree = "<group>"; };
		3C7335912702D19300A7604D /* Base */ = {isa = PBXFileReference; lastKnownFileType = file.storyboard; name = Base; path = Base.lproj/LaunchScreen.storyboard; sourceTree = "<group>"; };
		3C7335932702D19400A7604D /* Info.plist */ = {isa = PBXFileReference; lastKnownFileType = text.plist.xml; path = Info.plist; sourceTree = "<group>"; };
		3C7335A02702D4B900A7604D /* MediaPlayer-Bridging-Header.h */ = {isa = PBXFileReference; fileEncoding = 4; lastKnownFileType = sourcecode.c.h; path = "MediaPlayer-Bridging-Header.h"; sourceTree = "<group>"; };
		3C7335A22702D53600A7604D /* MediaPlayerView.swift */ = {isa = PBXFileReference; lastKnownFileType = sourcecode.swift; path = MediaPlayerView.swift; sourceTree = "<group>"; };
		3C7335A82702D6E600A7604D /* MediaControlView.swift */ = {isa = PBXFileReference; lastKnownFileType = sourcecode.swift; path = MediaControlView.swift; sourceTree = "<group>"; };
		3C73360327290EC200A7604D /* SMB2Client.swift */ = {isa = PBXFileReference; lastKnownFileType = sourcecode.swift; path = SMB2Client.swift; sourceTree = "<group>"; };
		3C7336072729111400A7604D /* Share.swift */ = {isa = PBXFileReference; lastKnownFileType = sourcecode.swift; path = Share.swift; sourceTree = "<group>"; };
		3C73360C2729133900A7604D /* File.swift */ = {isa = PBXFileReference; lastKnownFileType = sourcecode.swift; path = File.swift; sourceTree = "<group>"; };
		3C743B8F272A59C80066AC90 /* LibraryViewController.swift */ = {isa = PBXFileReference; lastKnownFileType = sourcecode.swift; path = LibraryViewController.swift; sourceTree = "<group>"; };
		412898A3F05A84820C6A394E /* Pods-MediaPlayer.release.xcconfig */ = {isa = PBXFileReference; includeInIndex = 1; lastKnownFileType = text.xcconfig; name = "Pods-MediaPlayer.release.xcconfig"; path = "Target Support Files/Pods-MediaPlayer/Pods-MediaPlayer.release.xcconfig"; sourceTree = "<group>"; };
		D246795707056495A24D8D1E /* Pods-MediaPlayer.debug.xcconfig */ = {isa = PBXFileReference; includeInIndex = 1; lastKnownFileType = text.xcconfig; name = "Pods-MediaPlayer.debug.xcconfig"; path = "Target Support Files/Pods-MediaPlayer/Pods-MediaPlayer.debug.xcconfig"; sourceTree = "<group>"; };
/* End PBXFileReference section */

/* Begin PBXFrameworksBuildPhase section */
		3C73357F2702D19100A7604D /* Frameworks */ = {
			isa = PBXFrameworksBuildPhase;
			buildActionMask = 2147483647;
			files = (
				3D3B030012F080D3095AF362 /* Pods_MediaPlayer.framework in Frameworks */,
			);
			runOnlyForDeploymentPostprocessing = 0;
		};
/* End PBXFrameworksBuildPhase section */

/* Begin PBXGroup section */
		3C7335792702D19100A7604D = {
			isa = PBXGroup;
			children = (
				3C7335842702D19100A7604D /* MediaPlayer */,
				3C7335832702D19100A7604D /* Products */,
				56EFEFD2F99D46473810D32F /* Pods */,
				B77D549B3A56260D58AF779E /* Frameworks */,
			);
			sourceTree = "<group>";
		};
		3C7335832702D19100A7604D /* Products */ = {
			isa = PBXGroup;
			children = (
				3C7335822702D19100A7604D /* MediaPlayer.app */,
			);
			name = Products;
			sourceTree = "<group>";
		};
		3C7335842702D19100A7604D /* MediaPlayer */ = {
			isa = PBXGroup;
			children = (
				3C7335852702D19100A7604D /* AppDelegate.swift */,
				3C7335872702D19100A7604D /* SceneDelegate.swift */,
				3C743B92272A59D20066AC90 /* Controllers */,
				3CC777DB272A4C5200FE8031 /* SMB */,
				3C73360A2729130100A7604D /* Models */,
				3C7335A62702D69C00A7604D /* Views */,
				3C73358B2702D19100A7604D /* Main.storyboard */,
				3C73358E2702D19300A7604D /* Assets.xcassets */,
				3C7335902702D19300A7604D /* LaunchScreen.storyboard */,
				3C7335932702D19400A7604D /* Info.plist */,
				3C7335A02702D4B900A7604D /* MediaPlayer-Bridging-Header.h */,
			);
			path = MediaPlayer;
			sourceTree = "<group>";
		};
		3C7335A62702D69C00A7604D /* Views */ = {
			isa = PBXGroup;
			children = (
				3C7335A22702D53600A7604D /* MediaPlayerView.swift */,
				3C7335A82702D6E600A7604D /* MediaControlView.swift */,
			);
			path = Views;
			sourceTree = "<group>";
		};
		3C73360A2729130100A7604D /* Models */ = {
			isa = PBXGroup;
			children = (
				3C7336072729111400A7604D /* Share.swift */,
				3C73360C2729133900A7604D /* File.swift */,
			);
			path = Models;
			sourceTree = "<group>";
		};
		3C743B92272A59D20066AC90 /* Controllers */ = {
			isa = PBXGroup;
			children = (
				3C743B8F272A59C80066AC90 /* LibraryViewController.swift */,
			);
			path = Controllers;
			sourceTree = "<group>";
		};
		3CC777DB272A4C5200FE8031 /* SMB */ = {
			isa = PBXGroup;
			children = (
				3C73360327290EC200A7604D /* SMB2Client.swift */,
			);
			path = SMB;
			sourceTree = "<group>";
		};
		56EFEFD2F99D46473810D32F /* Pods */ = {
			isa = PBXGroup;
			children = (
				D246795707056495A24D8D1E /* Pods-MediaPlayer.debug.xcconfig */,
				412898A3F05A84820C6A394E /* Pods-MediaPlayer.release.xcconfig */,
			);
			path = Pods;
			sourceTree = "<group>";
		};
		B77D549B3A56260D58AF779E /* Frameworks */ = {
			isa = PBXGroup;
			children = (
				2501563ECEDB2ABC4272580B /* Pods_MediaPlayer.framework */,
			);
			name = Frameworks;
			sourceTree = "<group>";
		};
/* End PBXGroup section */

/* Begin PBXNativeTarget section */
		3C7335812702D19100A7604D /* MediaPlayer */ = {
			isa = PBXNativeTarget;
			buildConfigurationList = 3C7335962702D19400A7604D /* Build configuration list for PBXNativeTarget "MediaPlayer" */;
			buildPhases = (
				A4567827C8D7FEA86E003342 /* [CP] Check Pods Manifest.lock */,
				3C73357E2702D19100A7604D /* Sources */,
				3C73357F2702D19100A7604D /* Frameworks */,
				3C7335802702D19100A7604D /* Resources */,
				2D1B8884513DA10870B3DA78 /* [CP] Embed Pods Frameworks */,
			);
			buildRules = (
			);
			dependencies = (
			);
			name = MediaPlayer;
			productName = MediaPlayer;
			productReference = 3C7335822702D19100A7604D /* MediaPlayer.app */;
			productType = "com.apple.product-type.application";
		};
/* End PBXNativeTarget section */

/* Begin PBXProject section */
		3C73357A2702D19100A7604D /* Project object */ = {
			isa = PBXProject;
			attributes = {
				LastSwiftUpdateCheck = 1240;
				LastUpgradeCheck = 1240;
				TargetAttributes = {
					3C7335812702D19100A7604D = {
						CreatedOnToolsVersion = 12.4;
					};
				};
			};
			buildConfigurationList = 3C73357D2702D19100A7604D /* Build configuration list for PBXProject "MediaPlayer" */;
			compatibilityVersion = "Xcode 9.3";
			developmentRegion = en;
			hasScannedForEncodings = 0;
			knownRegions = (
				en,
				Base,
			);
			mainGroup = 3C7335792702D19100A7604D;
			productRefGroup = 3C7335832702D19100A7604D /* Products */;
			projectDirPath = "";
			projectRoot = "";
			targets = (
				3C7335812702D19100A7604D /* MediaPlayer */,
			);
		};
/* End PBXProject section */

/* Begin PBXResourcesBuildPhase section */
		3C7335802702D19100A7604D /* Resources */ = {
			isa = PBXResourcesBuildPhase;
			buildActionMask = 2147483647;
			files = (
				3C7335922702D19300A7604D /* LaunchScreen.storyboard in Resources */,
				3C73358F2702D19300A7604D /* Assets.xcassets in Resources */,
				3C73358D2702D19100A7604D /* Main.storyboard in Resources */,
			);
			runOnlyForDeploymentPostprocessing = 0;
		};
/* End PBXResourcesBuildPhase section */

/* Begin PBXShellScriptBuildPhase section */
		2D1B8884513DA10870B3DA78 /* [CP] Embed Pods Frameworks */ = {
			isa = PBXShellScriptBuildPhase;
			buildActionMask = 2147483647;
			files = (
			);
			inputFileListPaths = (
				"${PODS_ROOT}/Target Support Files/Pods-MediaPlayer/Pods-MediaPlayer-frameworks-${CONFIGURATION}-input-files.xcfilelist",
			);
			name = "[CP] Embed Pods Frameworks";
			outputFileListPaths = (
				"${PODS_ROOT}/Target Support Files/Pods-MediaPlayer/Pods-MediaPlayer-frameworks-${CONFIGURATION}-output-files.xcfilelist",
			);
			runOnlyForDeploymentPostprocessing = 0;
			shellPath = /bin/sh;
			shellScript = "\"${PODS_ROOT}/Target Support Files/Pods-MediaPlayer/Pods-MediaPlayer-frameworks.sh\"\n";
			showEnvVarsInLog = 0;
		};
		A4567827C8D7FEA86E003342 /* [CP] Check Pods Manifest.lock */ = {
			isa = PBXShellScriptBuildPhase;
			buildActionMask = 2147483647;
			files = (
			);
			inputFileListPaths = (
			);
			inputPaths = (
				"${PODS_PODFILE_DIR_PATH}/Podfile.lock",
				"${PODS_ROOT}/Manifest.lock",
			);
			name = "[CP] Check Pods Manifest.lock";
			outputFileListPaths = (
			);
			outputPaths = (
				"$(DERIVED_FILE_DIR)/Pods-MediaPlayer-checkManifestLockResult.txt",
			);
			runOnlyForDeploymentPostprocessing = 0;
			shellPath = /bin/sh;
			shellScript = "diff \"${PODS_PODFILE_DIR_PATH}/Podfile.lock\" \"${PODS_ROOT}/Manifest.lock\" > /dev/null\nif [ $? != 0 ] ; then\n    # print error to STDERR\n    echo \"error: The sandbox is not in sync with the Podfile.lock. Run 'pod install' or update your CocoaPods installation.\" >&2\n    exit 1\nfi\n# This output is used by Xcode 'outputs' to avoid re-running this script phase.\necho \"SUCCESS\" > \"${SCRIPT_OUTPUT_FILE_0}\"\n";
			showEnvVarsInLog = 0;
		};
/* End PBXShellScriptBuildPhase section */

/* Begin PBXSourcesBuildPhase section */
		3C73357E2702D19100A7604D /* Sources */ = {
			isa = PBXSourcesBuildPhase;
			buildActionMask = 2147483647;
			files = (
				3C7335862702D19100A7604D /* AppDelegate.swift in Sources */,
				3C7336082729111400A7604D /* Share.swift in Sources */,
				3C743B90272A59C80066AC90 /* LibraryViewController.swift in Sources */,
				3C73360D2729133900A7604D /* File.swift in Sources */,
				3C73360427290EC200A7604D /* SMB2Client.swift in Sources */,
				3C7335A92702D6E600A7604D /* MediaControlView.swift in Sources */,
				3C7335A32702D53600A7604D /* MediaPlayerView.swift in Sources */,
				3C7335882702D19100A7604D /* SceneDelegate.swift in Sources */,
			);
			runOnlyForDeploymentPostprocessing = 0;
		};
/* End PBXSourcesBuildPhase section */

/* Begin PBXVariantGroup section */
		3C73358B2702D19100A7604D /* Main.storyboard */ = {
			isa = PBXVariantGroup;
			children = (
				3C73358C2702D19100A7604D /* Base */,
			);
			name = Main.storyboard;
			sourceTree = "<group>";
		};
		3C7335902702D19300A7604D /* LaunchScreen.storyboard */ = {
			isa = PBXVariantGroup;
			children = (
				3C7335912702D19300A7604D /* Base */,
			);
			name = LaunchScreen.storyboard;
			sourceTree = "<group>";
		};
/* End PBXVariantGroup section */

/* Begin XCBuildConfiguration section */
		3C7335942702D19400A7604D /* Debug */ = {
			isa = XCBuildConfiguration;
			buildSettings = {
				ALWAYS_SEARCH_USER_PATHS = NO;
				CLANG_ANALYZER_NONNULL = YES;
				CLANG_ANALYZER_NUMBER_OBJECT_CONVERSION = YES_AGGRESSIVE;
				CLANG_CXX_LANGUAGE_STANDARD = "gnu++14";
				CLANG_CXX_LIBRARY = "libc++";
				CLANG_ENABLE_MODULES = YES;
				CLANG_ENABLE_OBJC_ARC = YES;
				CLANG_ENABLE_OBJC_WEAK = YES;
				CLANG_WARN_BLOCK_CAPTURE_AUTORELEASING = YES;
				CLANG_WARN_BOOL_CONVERSION = YES;
				CLANG_WARN_COMMA = YES;
				CLANG_WARN_CONSTANT_CONVERSION = YES;
				CLANG_WARN_DEPRECATED_OBJC_IMPLEMENTATIONS = YES;
				CLANG_WARN_DIRECT_OBJC_ISA_USAGE = YES_ERROR;
				CLANG_WARN_DOCUMENTATION_COMMENTS = YES;
				CLANG_WARN_EMPTY_BODY = YES;
				CLANG_WARN_ENUM_CONVERSION = YES;
				CLANG_WARN_INFINITE_RECURSION = YES;
				CLANG_WARN_INT_CONVERSION = YES;
				CLANG_WARN_NON_LITERAL_NULL_CONVERSION = YES;
				CLANG_WARN_OBJC_IMPLICIT_RETAIN_SELF = YES;
				CLANG_WARN_OBJC_LITERAL_CONVERSION = YES;
				CLANG_WARN_OBJC_ROOT_CLASS = YES_ERROR;
				CLANG_WARN_QUOTED_INCLUDE_IN_FRAMEWORK_HEADER = YES;
				CLANG_WARN_RANGE_LOOP_ANALYSIS = YES;
				CLANG_WARN_STRICT_PROTOTYPES = YES;
				CLANG_WARN_SUSPICIOUS_MOVE = YES;
				CLANG_WARN_UNGUARDED_AVAILABILITY = YES_AGGRESSIVE;
				CLANG_WARN_UNREACHABLE_CODE = YES;
				CLANG_WARN__DUPLICATE_METHOD_MATCH = YES;
				COPY_PHASE_STRIP = NO;
				DEBUG_INFORMATION_FORMAT = dwarf;
				ENABLE_STRICT_OBJC_MSGSEND = YES;
				ENABLE_TESTABILITY = YES;
				GCC_C_LANGUAGE_STANDARD = gnu11;
				GCC_DYNAMIC_NO_PIC = NO;
				GCC_NO_COMMON_BLOCKS = YES;
				GCC_OPTIMIZATION_LEVEL = 0;
				GCC_PREPROCESSOR_DEFINITIONS = (
					"DEBUG=1",
					"$(inherited)",
				);
				GCC_WARN_64_TO_32_BIT_CONVERSION = YES;
				GCC_WARN_ABOUT_RETURN_TYPE = YES_ERROR;
				GCC_WARN_UNDECLARED_SELECTOR = YES;
				GCC_WARN_UNINITIALIZED_AUTOS = YES_AGGRESSIVE;
				GCC_WARN_UNUSED_FUNCTION = YES;
				GCC_WARN_UNUSED_VARIABLE = YES;
				IPHONEOS_DEPLOYMENT_TARGET = 14.4;
				MTL_ENABLE_DEBUG_INFO = INCLUDE_SOURCE;
				MTL_FAST_MATH = YES;
				ONLY_ACTIVE_ARCH = YES;
				SDKROOT = iphoneos;
				SWIFT_ACTIVE_COMPILATION_CONDITIONS = DEBUG;
				SWIFT_OPTIMIZATION_LEVEL = "-Onone";
			};
			name = Debug;
		};
		3C7335952702D19400A7604D /* Release */ = {
			isa = XCBuildConfiguration;
			buildSettings = {
				ALWAYS_SEARCH_USER_PATHS = NO;
				CLANG_ANALYZER_NONNULL = YES;
				CLANG_ANALYZER_NUMBER_OBJECT_CONVERSION = YES_AGGRESSIVE;
				CLANG_CXX_LANGUAGE_STANDARD = "gnu++14";
				CLANG_CXX_LIBRARY = "libc++";
				CLANG_ENABLE_MODULES = YES;
				CLANG_ENABLE_OBJC_ARC = YES;
				CLANG_ENABLE_OBJC_WEAK = YES;
				CLANG_WARN_BLOCK_CAPTURE_AUTORELEASING = YES;
				CLANG_WARN_BOOL_CONVERSION = YES;
				CLANG_WARN_COMMA = YES;
				CLANG_WARN_CONSTANT_CONVERSION = YES;
				CLANG_WARN_DEPRECATED_OBJC_IMPLEMENTATIONS = YES;
				CLANG_WARN_DIRECT_OBJC_ISA_USAGE = YES_ERROR;
				CLANG_WARN_DOCUMENTATION_COMMENTS = YES;
				CLANG_WARN_EMPTY_BODY = YES;
				CLANG_WARN_ENUM_CONVERSION = YES;
				CLANG_WARN_INFINITE_RECURSION = YES;
				CLANG_WARN_INT_CONVERSION = YES;
				CLANG_WARN_NON_LITERAL_NULL_CONVERSION = YES;
				CLANG_WARN_OBJC_IMPLICIT_RETAIN_SELF = YES;
				CLANG_WARN_OBJC_LITERAL_CONVERSION = YES;
				CLANG_WARN_OBJC_ROOT_CLASS = YES_ERROR;
				CLANG_WARN_QUOTED_INCLUDE_IN_FRAMEWORK_HEADER = YES;
				CLANG_WARN_RANGE_LOOP_ANALYSIS = YES;
				CLANG_WARN_STRICT_PROTOTYPES = YES;
				CLANG_WARN_SUSPICIOUS_MOVE = YES;
				CLANG_WARN_UNGUARDED_AVAILABILITY = YES_AGGRESSIVE;
				CLANG_WARN_UNREACHABLE_CODE = YES;
				CLANG_WARN__DUPLICATE_METHOD_MATCH = YES;
				COPY_PHASE_STRIP = NO;
				DEBUG_INFORMATION_FORMAT = "dwarf-with-dsym";
				ENABLE_NS_ASSERTIONS = NO;
				ENABLE_STRICT_OBJC_MSGSEND = YES;
				GCC_C_LANGUAGE_STANDARD = gnu11;
				GCC_NO_COMMON_BLOCKS = YES;
				GCC_WARN_64_TO_32_BIT_CONVERSION = YES;
				GCC_WARN_ABOUT_RETURN_TYPE = YES_ERROR;
				GCC_WARN_UNDECLARED_SELECTOR = YES;
				GCC_WARN_UNINITIALIZED_AUTOS = YES_AGGRESSIVE;
				GCC_WARN_UNUSED_FUNCTION = YES;
				GCC_WARN_UNUSED_VARIABLE = YES;
				IPHONEOS_DEPLOYMENT_TARGET = 14.4;
				MTL_ENABLE_DEBUG_INFO = NO;
				MTL_FAST_MATH = YES;
				SDKROOT = iphoneos;
				SWIFT_COMPILATION_MODE = wholemodule;
				SWIFT_OPTIMIZATION_LEVEL = "-O";
				VALIDATE_PRODUCT = YES;
			};
			name = Release;
		};
		3C7335972702D19400A7604D /* Debug */ = {
			isa = XCBuildConfiguration;
			baseConfigurationReference = D246795707056495A24D8D1E /* Pods-MediaPlayer.debug.xcconfig */;
			buildSettings = {
				ASSETCATALOG_COMPILER_APPICON_NAME = AppIcon;
				ASSETCATALOG_COMPILER_GLOBAL_ACCENT_COLOR_NAME = AccentColor;
				CODE_SIGN_STYLE = Automatic;
				INFOPLIST_FILE = MediaPlayer/Info.plist;
				LD_RUNPATH_SEARCH_PATHS = (
					"$(inherited)",
					"@executable_path/Frameworks",
				);
				PRODUCT_BUNDLE_IDENTIFIER = com.MediaPlayer;
				PRODUCT_NAME = "$(TARGET_NAME)";
				SWIFT_OBJC_BRIDGING_HEADER = "$(PROJECT_DIR)/$(PROJECT_NAME)/$(PROJECT_NAME)-Bridging-Header.h";
				SWIFT_VERSION = 5.0;
				TARGETED_DEVICE_FAMILY = "1,2";
			};
			name = Debug;
		};
		3C7335982702D19400A7604D /* Release */ = {
			isa = XCBuildConfiguration;
			baseConfigurationReference = 412898A3F05A84820C6A394E /* Pods-MediaPlayer.release.xcconfig */;
			buildSettings = {
				ASSETCATALOG_COMPILER_APPICON_NAME = AppIcon;
				ASSETCATALOG_COMPILER_GLOBAL_ACCENT_COLOR_NAME = AccentColor;
				CODE_SIGN_STYLE = Automatic;
				INFOPLIST_FILE = MediaPlayer/Info.plist;
				LD_RUNPATH_SEARCH_PATHS = (
					"$(inherited)",
					"@executable_path/Frameworks",
				);
				PRODUCT_BUNDLE_IDENTIFIER = com.MediaPlayer;
				PRODUCT_NAME = "$(TARGET_NAME)";
				SWIFT_OBJC_BRIDGING_HEADER = "$(PROJECT_DIR)/$(PROJECT_NAME)/$(PROJECT_NAME)-Bridging-Header.h";
				SWIFT_VERSION = 5.0;
				TARGETED_DEVICE_FAMILY = "1,2";
			};
			name = Release;
		};
/* End XCBuildConfiguration section */

/* Begin XCConfigurationList section */
		3C73357D2702D19100A7604D /* Build configuration list for PBXProject "MediaPlayer" */ = {
			isa = XCConfigurationList;
			buildConfigurations = (
				3C7335942702D19400A7604D /* Debug */,
				3C7335952702D19400A7604D /* Release */,
			);
			defaultConfigurationIsVisible = 0;
			defaultConfigurationName = Release;
		};
		3C7335962702D19400A7604D /* Build configuration list for PBXNativeTarget "MediaPlayer" */ = {
			isa = XCConfigurationList;
			buildConfigurations = (
				3C7335972702D19400A7604D /* Debug */,
				3C7335982702D19400A7604D /* Release */,
			);
			defaultConfigurationIsVisible = 0;
			defaultConfigurationName = Release;
		};
/* End XCConfigurationList section */
	};
	rootObject = 3C73357A2702D19100A7604D /* Project object */;
}
